
Microsoft Visual Studio Solution File, Format Version 12.00
# Visual Studio Version 16
VisualStudioVersion = 16.0.30717.126
MinimumVisualStudioVersion = 10.0.40219.1
Project("{FAE04EC0-301F-11D3-BF4B-00C04F79EFBC}") = "Domain", "Domain\Domain.csproj", "{5BEDDB93-20CE-47E7-9396-E880EE10E843}"
EndProject
Project("{FAE04EC0-301F-11D3-BF4B-00C04F79EFBC}") = "Presentation", "Presentation\Presentation.csproj", "{DC952550-67FA-4F92-B9CE-1F0B008F0ACA}"
EndProject
Project("{FAE04EC0-301F-11D3-BF4B-00C04F79EFBC}") = "Infrastructure", "Infrastructure\Infrastructure.csproj", "{9765E5C7-305B-4A6B-B1F7-29954418D9FB}"
EndProject
Project("{FAE04EC0-301F-11D3-BF4B-00C04F79EFBC}") = "Application", "Application\Application.csproj", "{356CA9A2-809F-40C7-A317-0A9B989F14A0}"
EndProject
Global
	GlobalSection(SolutionConfigurationPlatforms) = preSolution
		Debug|Any CPU = Debug|Any CPU
		Release|Any CPU = Release|Any CPU
	EndGlobalSection
	GlobalSection(ProjectConfigurationPlatforms) = postSolution
		{5BEDDB93-20CE-47E7-9396-E880EE10E843}.Debug|Any CPU.ActiveCfg = Debug|Any CPU
		{5BEDDB93-20CE-47E7-9396-E880EE10E843}.Debug|Any CPU.Build.0 = Debug|Any CPU
		{5BEDDB93-20CE-47E7-9396-E880EE10E843}.Release|Any CPU.ActiveCfg = Release|Any CPU
		{5BEDDB93-20CE-47E7-9396-E880EE10E843}.Release|Any CPU.Build.0 = Release|Any CPU
		{DC952550-67FA-4F92-B9CE-1F0B008F0ACA}.Debug|Any CPU.ActiveCfg = Debug|Any CPU
		{DC952550-67FA-4F92-B9CE-1F0B008F0ACA}.Debug|Any CPU.Build.0 = Debug|Any CPU
		{DC952550-67FA-4F92-B9CE-1F0B008F0ACA}.Release|Any CPU.ActiveCfg = Release|Any CPU
		{DC952550-67FA-4F92-B9CE-1F0B008F0ACA}.Release|Any CPU.Build.0 = Release|Any CPU
		{9765E5C7-305B-4A6B-B1F7-29954418D9FB}.Debug|Any CPU.ActiveCfg = Debug|Any CPU
		{9765E5C7-305B-4A6B-B1F7-29954418D9FB}.Debug|Any CPU.Build.0 = Debug|Any CPU
		{9765E5C7-305B-4A6B-B1F7-29954418D9FB}.Release|Any CPU.ActiveCfg = Release|Any CPU
		{9765E5C7-305B-4A6B-B1F7-29954418D9FB}.Release|Any CPU.Build.0 = Release|Any CPU
		{356CA9A2-809F-40C7-A317-0A9B989F14A0}.Debug|Any CPU.ActiveCfg = Debug|Any CPU
		{356CA9A2-809F-40C7-A317-0A9B989F14A0}.Debug|Any CPU.Build.0 = Debug|Any CPU
		{356CA9A2-809F-40C7-A317-0A9B989F14A0}.Release|Any CPU.ActiveCfg = Release|Any CPU
		{356CA9A2-809F-40C7-A317-0A9B989F14A0}.Release|Any CPU.Build.0 = Release|Any CPU
	EndGlobalSection
	GlobalSection(SolutionProperties) = preSolution
		HideSolutionNode = FALSE
	EndGlobalSection
	GlobalSection(ExtensibilityGlobals) = postSolution
		SolutionGuid = {A2A5BDBB-E828-4E6B-98C0-2E3ED7C678B0}
	EndGlobalSection
EndGlobal
